
Microsoft Visual Studio Solution File, Format Version 12.00
# Visual Studio Version 16
VisualStudioVersion = 16.0.28922.388
MinimumVisualStudioVersion = 10.0.40219.1
Project("{FAE04EC0-301F-11D3-BF4B-00C04F79EFBC}") = "ngCookingWpf", "ngCookingWpf\ngCookingWpf.csproj", "{5326D3AB-A3C6-4437-9687-49D3CDAC9606}"
EndProject
Global
	GlobalSection(SolutionConfigurationPlatforms) = preSolution
		Debug|Any CPU = Debug|Any CPU
		Release|Any CPU = Release|Any CPU
	EndGlobalSection
	GlobalSection(ProjectConfigurationPlatforms) = postSolution
		{5326D3AB-A3C6-4437-9687-49D3CDAC9606}.Debug|Any CPU.ActiveCfg = Debug|Any CPU
		{5326D3AB-A3C6-4437-9687-49D3CDAC9606}.Debug|Any CPU.Build.0 = Debug|Any CPU
		{5326D3AB-A3C6-4437-9687-49D3CDAC9606}.Release|Any CPU.ActiveCfg = Release|Any CPU
		{5326D3AB-A3C6-4437-9687-49D3CDAC9606}.Release|Any CPU.Build.0 = Release|Any CPU
	EndGlobalSection
	GlobalSection(SolutionProperties) = preSolution
		HideSolutionNode = FALSE
	EndGlobalSection
	GlobalSection(ExtensibilityGlobals) = postSolution
		SolutionGuid = {B83D0EEC-0985-41D3-9FA3-52C3924A8312}
	EndGlobalSection
EndGlobal
